{
  "requires": true,
  "lockfileVersion": 1,
  "dependencies": {
    "acorn": {
      "version": "6.4.0",
      "resolved": "https://registry.npmjs.org/acorn/-/acorn-6.4.0.tgz",
      "integrity": "sha512-gac8OEcQ2Li1dxIEWGZzsp2BitJxwkwcOm0zHAJLcPJaVvm58FRnk6RkuLRpU1EujipU2ZFODv2P9DLMfnV8mw=="
    },
    "vue": {
      "version": "2.6.11",
      "resolved": "https://registry.npmjs.org/vue/-/vue-2.6.11.tgz",
      "integrity": "sha512-VfPwgcGABbGAue9+sfrD4PuwFar7gPb1yl1UK1MwXoQPAw0BKSqWfoYCT/ThFrdEVWoI51dBuyCoiNU9bZDZxQ=="
    },
    "vue-timeselector": {
      "version": "1.0.0",
      "resolved": "https://registry.npmjs.org/vue-timeselector/-/vue-timeselector-1.0.0.tgz",
      "integrity": "sha512-xuninvDI+DIOJiEw/gYVPz6LxHeHlw9hXD9TWIi+/s3w3vQKDZDvIfglbbNMQC/u/SKMNRCQ4LPlFxRTEEUYDA==",
      "requires": {
        "acorn": "^6.3.0",
        "vue": "^2.6.10"
      }
    },
    "vue2-timepicker": {
      "version": "1.0.8",
      "resolved": "https://registry.npmjs.org/vue2-timepicker/-/vue2-timepicker-1.0.8.tgz",
      "integrity": "sha512-3wtodBBbW2comZYIpqUSvwKkNqAOkJn5TZaC+SypTE/vn001a/f+f1kj1FZdHPT43R4uiD3DLzkP2Y1VDKlNgg=="
    }
  }
}
